
Microsoft Visual Studio Solution File, Format Version 12.00
# Visual Studio Version 17
VisualStudioVersion = 17.12.35521.163
MinimumVisualStudioVersion = 10.0.40219.1
Project("{F184B08F-C81C-45F6-A57F-5ABD9991F28F}") = "OtoServisSatisYonetimi", "OtoServisSatisYonetimi\OtoServisSatisYonetimi.vbproj", "{AF110628-15D7-4A09-9E2F-2398A95C0C81}"
	ProjectSection(ProjectDependencies) = postProject
		{6D0B92BB-8942-4436-B2F2-D707CF0ADCBB} = {6D0B92BB-8942-4436-B2F2-D707CF0ADCBB}
	EndProjectSection
EndProject
Project("{FAE04EC0-301F-11D3-BF4B-00C04F79EFBC}") = "OtoServisSatis.WindowsApp", "OtoServisSatis.WindowsApp\OtoServisSatis.WindowsApp.csproj", "{6D0B92BB-8942-4436-B2F2-D707CF0ADCBB}"
EndProject
Project("{FAE04EC0-301F-11D3-BF4B-00C04F79EFBC}") = "OtoServisSatis.Entities", "OtoServisSatis.Entities\OtoServisSatis.Entities.csproj", "{063471FB-BDAE-4EF5-9F44-37471DAC234E}"
EndProject
Project("{FAE04EC0-301F-11D3-BF4B-00C04F79EFBC}") = "OtoServisSatis.DAL", "OtoServisSatis.DAL\OtoServisSatis.DAL.csproj", "{EBE1159C-E015-47E1-9130-E7224359E283}"
EndProject
Global
	GlobalSection(SolutionConfigurationPlatforms) = preSolution
		Debug|Any CPU = Debug|Any CPU
		Release|Any CPU = Release|Any CPU
	EndGlobalSection
	GlobalSection(ProjectConfigurationPlatforms) = postSolution
		{AF110628-15D7-4A09-9E2F-2398A95C0C81}.Debug|Any CPU.ActiveCfg = Debug|Any CPU
		{AF110628-15D7-4A09-9E2F-2398A95C0C81}.Debug|Any CPU.Build.0 = Debug|Any CPU
		{AF110628-15D7-4A09-9E2F-2398A95C0C81}.Release|Any CPU.ActiveCfg = Release|Any CPU
		{AF110628-15D7-4A09-9E2F-2398A95C0C81}.Release|Any CPU.Build.0 = Release|Any CPU
		{6D0B92BB-8942-4436-B2F2-D707CF0ADCBB}.Debug|Any CPU.ActiveCfg = Debug|Any CPU
		{6D0B92BB-8942-4436-B2F2-D707CF0ADCBB}.Debug|Any CPU.Build.0 = Debug|Any CPU
		{6D0B92BB-8942-4436-B2F2-D707CF0ADCBB}.Release|Any CPU.ActiveCfg = Release|Any CPU
		{6D0B92BB-8942-4436-B2F2-D707CF0ADCBB}.Release|Any CPU.Build.0 = Release|Any CPU
		{063471FB-BDAE-4EF5-9F44-37471DAC234E}.Debug|Any CPU.ActiveCfg = Debug|Any CPU
		{063471FB-BDAE-4EF5-9F44-37471DAC234E}.Debug|Any CPU.Build.0 = Debug|Any CPU
		{063471FB-BDAE-4EF5-9F44-37471DAC234E}.Release|Any CPU.ActiveCfg = Release|Any CPU
		{063471FB-BDAE-4EF5-9F44-37471DAC234E}.Release|Any CPU.Build.0 = Release|Any CPU
		{EBE1159C-E015-47E1-9130-E7224359E283}.Debug|Any CPU.ActiveCfg = Debug|Any CPU
		{EBE1159C-E015-47E1-9130-E7224359E283}.Debug|Any CPU.Build.0 = Debug|Any CPU
		{EBE1159C-E015-47E1-9130-E7224359E283}.Release|Any CPU.ActiveCfg = Release|Any CPU
		{EBE1159C-E015-47E1-9130-E7224359E283}.Release|Any CPU.Build.0 = Release|Any CPU
	EndGlobalSection
	GlobalSection(SolutionProperties) = preSolution
		HideSolutionNode = FALSE
	EndGlobalSection
EndGlobal
